
Microsoft Visual Studio Solution File, Format Version 12.00
# Visual Studio Version 17
VisualStudioVersion = 17.0.31611.283
MinimumVisualStudioVersion = 10.0.40219.1
Project("{9A19103F-16F7-4668-BE54-9A1E7A4F7556}") = "ClosetItemApp.Maui", "ClosetItemApp.Maui\ClosetItemApp.Maui.csproj", "{853370A6-69F0-44C4-BDF6-E4E254FBE1CC}"
EndProject
Project("{FAE04EC0-301F-11D3-BF4B-00C04F79EFBC}") = "ClosetItemApp.Api", "ClosetItemApp.Api\ClosetItemApp.Api.csproj", "{FF237834-0AA3-4C1E-99EA-AA06A38F5E18}"
EndProject
Project("{2150E333-8FDC-42A3-9474-1A3956D46DE8}") = "Solution Items", "Solution Items", "{9254D2DB-CC88-45FF-B7D4-E68C33482EB2}"
	ProjectSection(SolutionItems) = preProject
		.gitattributes = .gitattributes
		.gitignore = .gitignore
		global.json = global.json
	EndProjectSection
EndProject
Global
	GlobalSection(SolutionConfigurationPlatforms) = preSolution
		Debug|Any CPU = Debug|Any CPU
		Release|Any CPU = Release|Any CPU
	EndGlobalSection
	GlobalSection(ProjectConfigurationPlatforms) = postSolution
		{853370A6-69F0-44C4-BDF6-E4E254FBE1CC}.Debug|Any CPU.ActiveCfg = Debug|Any CPU
		{853370A6-69F0-44C4-BDF6-E4E254FBE1CC}.Debug|Any CPU.Build.0 = Debug|Any CPU
		{853370A6-69F0-44C4-BDF6-E4E254FBE1CC}.Debug|Any CPU.Deploy.0 = Debug|Any CPU
		{853370A6-69F0-44C4-BDF6-E4E254FBE1CC}.Release|Any CPU.ActiveCfg = Release|Any CPU
		{853370A6-69F0-44C4-BDF6-E4E254FBE1CC}.Release|Any CPU.Build.0 = Release|Any CPU
		{853370A6-69F0-44C4-BDF6-E4E254FBE1CC}.Release|Any CPU.Deploy.0 = Release|Any CPU
		{FF237834-0AA3-4C1E-99EA-AA06A38F5E18}.Debug|Any CPU.ActiveCfg = Debug|Any CPU
		{FF237834-0AA3-4C1E-99EA-AA06A38F5E18}.Debug|Any CPU.Build.0 = Debug|Any CPU
		{FF237834-0AA3-4C1E-99EA-AA06A38F5E18}.Release|Any CPU.ActiveCfg = Release|Any CPU
		{FF237834-0AA3-4C1E-99EA-AA06A38F5E18}.Release|Any CPU.Build.0 = Release|Any CPU
	EndGlobalSection
	GlobalSection(SolutionProperties) = preSolution
		HideSolutionNode = FALSE
	EndGlobalSection
	GlobalSection(ExtensibilityGlobals) = postSolution
		SolutionGuid = {61F7FB11-1E47-470C-91E2-47F8143E1572}
	EndGlobalSection
EndGlobal
